{
  "originHash" : "e96f3c00ab2d48242db90cb3567e4f9e24735cd50ad9c04107920c67039dbde7",
  "pins" : [
    {
      "identity" : "suite",
      "kind" : "remoteSourceControl",
      "location" : "https://github.com/ios-tooling/Suite.git",
      "state" : {
        "revision" : "b90efe83e6f0d23fc92d9fdea9b62edd727d5a19",
        "version" : "1.4.13"
      }
    },
    {
      "identity" : "swift-syntax",
      "kind" : "remoteSourceControl",
      "location" : "https://github.com/swiftlang/swift-syntax",
      "state" : {
        "revision" : "79e4b74a295b6eb74a8b585e3a39d29e70c1dbd1",
        "version" : "603.0.2"
      }
    }
  ],
  "version" : 3
}
